
Microsoft Visual Studio Solution File, Format Version 12.00
Project("{FAE04EC0-301F-11D3-BF4B-00C04F79EFBC}") = "LookAnd.Web", "LookAnd.Web\LookAnd.Web.csproj", "{CBA31453-7D96-4313-A38B-1C180B62AA4F}"
EndProject
Global
	GlobalSection(SolutionConfigurationPlatforms) = preSolution
		Debug|Any CPU = Debug|Any CPU
		Release|Any CPU = Release|Any CPU
	EndGlobalSection
	GlobalSection(ProjectConfigurationPlatforms) = postSolution
		{CBA31453-7D96-4313-A38B-1C180B62AA4F}.Debug|Any CPU.ActiveCfg = Debug|Any CPU
		{CBA31453-7D96-4313-A38B-1C180B62AA4F}.Debug|Any CPU.Build.0 = Debug|Any CPU
		{CBA31453-7D96-4313-A38B-1C180B62AA4F}.Release|Any CPU.ActiveCfg = Release|Any CPU
		{CBA31453-7D96-4313-A38B-1C180B62AA4F}.Release|Any CPU.Build.0 = Release|Any CPU
	EndGlobalSection
EndGlobal
